
Microsoft Visual Studio Solution File, Format Version 12.00
# Visual Studio 14
VisualStudioVersion = 14.0.23107.0
MinimumVisualStudioVersion = 10.0.40219.1
Project("{FAE04EC0-301F-11D3-BF4B-00C04F79EFBC}") = "SignalRChatEx2015", "SignalRChatEx2015\SignalRChatEx2015.csproj", "{F7A6BA85-893B-4B70-9133-05C036937E92}"
EndProject
Project("{FAE04EC0-301F-11D3-BF4B-00C04F79EFBC}") = "SignalRChatClient", "SignalRChatClient\SignalRChatClient.csproj", "{71C0A4D4-7016-4A48-9F4B-C8A7E6F7C52B}"
EndProject
Global
	GlobalSection(SolutionConfigurationPlatforms) = preSolution
		Debug|Any CPU = Debug|Any CPU
		Release|Any CPU = Release|Any CPU
	EndGlobalSection
	GlobalSection(ProjectConfigurationPlatforms) = postSolution
		{F7A6BA85-893B-4B70-9133-05C036937E92}.Debug|Any CPU.ActiveCfg = Debug|Any CPU
		{F7A6BA85-893B-4B70-9133-05C036937E92}.Debug|Any CPU.Build.0 = Debug|Any CPU
		{F7A6BA85-893B-4B70-9133-05C036937E92}.Release|Any CPU.ActiveCfg = Release|Any CPU
		{F7A6BA85-893B-4B70-9133-05C036937E92}.Release|Any CPU.Build.0 = Release|Any CPU
		{71C0A4D4-7016-4A48-9F4B-C8A7E6F7C52B}.Debug|Any CPU.ActiveCfg = Debug|Any CPU
		{71C0A4D4-7016-4A48-9F4B-C8A7E6F7C52B}.Debug|Any CPU.Build.0 = Debug|Any CPU
		{71C0A4D4-7016-4A48-9F4B-C8A7E6F7C52B}.Release|Any CPU.ActiveCfg = Release|Any CPU
		{71C0A4D4-7016-4A48-9F4B-C8A7E6F7C52B}.Release|Any CPU.Build.0 = Release|Any CPU
	EndGlobalSection
	GlobalSection(SolutionProperties) = preSolution
		HideSolutionNode = FALSE
	EndGlobalSection
EndGlobal
